// !$*UTF8*$!
{
	archiveVersion = 1;
	classes = {
	};
	objectVersion = 55;
	objects = {

/* Begin PBXBuildFile section */
		2F393A1D28A89B0900A76B24 /* ColesAppApp.swift in Sources */ = {isa = PBXBuildFile; fileRef = 2F393A1C28A89B0900A76B24 /* ColesAppApp.swift */; };
		2F393A1F28A89B0900A76B24 /* ContentView.swift in Sources */ = {isa = PBXBuildFile; fileRef = 2F393A1E28A89B0900A76B24 /* ContentView.swift */; };
		2F393A2128A89B0B00A76B24 /* Assets.xcassets in Resources */ = {isa = PBXBuildFile; fileRef = 2F393A2028A89B0B00A76B24 /* Assets.xcassets */; };
		2F393A2428A89B0B00A76B24 /* Preview Assets.xcassets in Resources */ = {isa = PBXBuildFile; fileRef = 2F393A2328A89B0B00A76B24 /* Preview Assets.xcassets */; };
		2F393A2E28A89B0B00A76B24 /* ColesAppTests.swift in Sources */ = {isa = PBXBuildFile; fileRef = 2F393A2D28A89B0B00A76B24 /* ColesAppTests.swift */; };
		2F393A3828A89B0B00A76B24 /* ColesAppUITests.swift in Sources */ = {isa = PBXBuildFile; fileRef = 2F393A3728A89B0B00A76B24 /* ColesAppUITests.swift */; };
		2F393A3A28A89B0B00A76B24 /* ColesAppUITestsLaunchTests.swift in Sources */ = {isa = PBXBuildFile; fileRef = 2F393A3928A89B0B00A76B24 /* ColesAppUITestsLaunchTests.swift */; };
		2F393A4828A8A3BF00A76B24 /* RecipeModel.swift in Sources */ = {isa = PBXBuildFile; fileRef = 2F393A4728A8A3BF00A76B24 /* RecipeModel.swift */; };
		2F393A4B28A8A58900A76B24 /* recipesSample.json in Resources */ = {isa = PBXBuildFile; fileRef = 2F393A4A28A8A58900A76B24 /* recipesSample.json */; };
		2F393A4D28A91A0300A76B24 /* RecipeGridItem.swift in Sources */ = {isa = PBXBuildFile; fileRef = 2F393A4C28A91A0300A76B24 /* RecipeGridItem.swift */; };
		2F393A4F28A9C23600A76B24 /* RecipeDetailView.swift in Sources */ = {isa = PBXBuildFile; fileRef = 2F393A4E28A9C23600A76B24 /* RecipeDetailView.swift */; };
		2F393A5128A9D7B200A76B24 /* JsonDecoder.swift in Sources */ = {isa = PBXBuildFile; fileRef = 2F393A5028A9D7B200A76B24 /* JsonDecoder.swift */; };
		2FDAD2FC28A9DDB600EA3248 /* CachedAsyncImage in Frameworks */ = {isa = PBXBuildFile; productRef = 2FDAD2FB28A9DDB600EA3248 /* CachedAsyncImage */; };
/* End PBXBuildFile section */

/* Begin PBXContainerItemProxy section */
		2F393A2A28A89B0B00A76B24 /* PBXContainerItemProxy */ = {
			isa = PBXContainerItemProxy;
			containerPortal = 2F393A1128A89B0900A76B24 /* Project object */;
			proxyType = 1;
			remoteGlobalIDString = 2F393A1828A89B0900A76B24;
			remoteInfo = ColesApp;
		};
		2F393A3428A89B0B00A76B24 /* PBXContainerItemProxy */ = {
			isa = PBXContainerItemProxy;
			containerPortal = 2F393A1128A89B0900A76B24 /* Project object */;
			proxyType = 1;
			remoteGlobalIDString = 2F393A1828A89B0900A76B24;
			remoteInfo = ColesApp;
		};
/* End PBXContainerItemProxy section */

/* Begin PBXFileReference section */
		2F393A1928A89B0900A76B24 /* ColesApp.app */ = {isa = PBXFileReference; explicitFileType = wrapper.application; includeInIndex = 0; path = ColesApp.app; sourceTree = BUILT_PRODUCTS_DIR; };
		2F393A1C28A89B0900A76B24 /* ColesAppApp.swift */ = {isa = PBXFileReference; lastKnownFileType = sourcecode.swift; path = ColesAppApp.swift; sourceTree = "<group>"; };
		2F393A1E28A89B0900A76B24 /* ContentView.swift */ = {isa = PBXFileReference; lastKnownFileType = sourcecode.swift; path = ContentView.swift; sourceTree = "<group>"; };
		2F393A2028A89B0B00A76B24 /* Assets.xcassets */ = {isa = PBXFileReference; lastKnownFileType = folder.assetcatalog; path = Assets.xcassets; sourceTree = "<group>"; };
		2F393A2328A89B0B00A76B24 /* Preview Assets.xcassets */ = {isa = PBXFileReference; lastKnownFileType = folder.assetcatalog; path = "Preview Assets.xcassets"; sourceTree = "<group>"; };
		2F393A2928A89B0B00A76B24 /* ColesAppTests.xctest */ = {isa = PBXFileReference; explicitFileType = wrapper.cfbundle; includeInIndex = 0; path = ColesAppTests.xctest; sourceTree = BUILT_PRODUCTS_DIR; };
		2F393A2D28A89B0B00A76B24 /* ColesAppTests.swift */ = {isa = PBXFileReference; lastKnownFileType = sourcecode.swift; path = ColesAppTests.swift; sourceTree = "<group>"; };
		2F393A3328A89B0B00A76B24 /* ColesAppUITests.xctest */ = {isa = PBXFileReference; explicitFileType = wrapper.cfbundle; includeInIndex = 0; path = ColesAppUITests.xctest; sourceTree = BUILT_PRODUCTS_DIR; };
		2F393A3728A89B0B00A76B24 /* ColesAppUITests.swift */ = {isa = PBXFileReference; lastKnownFileType = sourcecode.swift; path = ColesAppUITests.swift; sourceTree = "<group>"; };
		2F393A3928A89B0B00A76B24 /* ColesAppUITestsLaunchTests.swift */ = {isa = PBXFileReference; lastKnownFileType = sourcecode.swift; path = ColesAppUITestsLaunchTests.swift; sourceTree = "<group>"; };
		2F393A4728A8A3BF00A76B24 /* RecipeModel.swift */ = {isa = PBXFileReference; lastKnownFileType = sourcecode.swift; path = RecipeModel.swift; sourceTree = "<group>"; };
		2F393A4A28A8A58900A76B24 /* recipesSample.json */ = {isa = PBXFileReference; fileEncoding = 4; lastKnownFileType = text.json; path = recipesSample.json; sourceTree = "<group>"; };
		2F393A4C28A91A0300A76B24 /* RecipeGridItem.swift */ = {isa = PBXFileReference; lastKnownFileType = sourcecode.swift; path = RecipeGridItem.swift; sourceTree = "<group>"; };
		2F393A4E28A9C23600A76B24 /* RecipeDetailView.swift */ = {isa = PBXFileReference; lastKnownFileType = sourcecode.swift; path = RecipeDetailView.swift; sourceTree = "<group>"; };
		2F393A5028A9D7B200A76B24 /* JsonDecoder.swift */ = {isa = PBXFileReference; lastKnownFileType = sourcecode.swift; path = JsonDecoder.swift; sourceTree = "<group>"; };
/* End PBXFileReference section */

/* Begin PBXFrameworksBuildPhase section */
		2F393A1628A89B0900A76B24 /* Frameworks */ = {
			isa = PBXFrameworksBuildPhase;
			buildActionMask = 2147483647;
			files = (
				2FDAD2FC28A9DDB600EA3248 /* CachedAsyncImage in Frameworks */,
			);
			runOnlyForDeploymentPostprocessing = 0;
		};
		2F393A2628A89B0B00A76B24 /* Frameworks */ = {
			isa = PBXFrameworksBuildPhase;
			buildActionMask = 2147483647;
			files = (
			);
			runOnlyForDeploymentPostprocessing = 0;
		};
		2F393A3028A89B0B00A76B24 /* Frameworks */ = {
			isa = PBXFrameworksBuildPhase;
			buildActionMask = 2147483647;
			files = (
			);
			runOnlyForDeploymentPostprocessing = 0;
		};
/* End PBXFrameworksBuildPhase section */

/* Begin PBXGroup section */
		2F393A1028A89B0900A76B24 = {
			isa = PBXGroup;
			children = (
				2F393A1B28A89B0900A76B24 /* ColesApp */,
				2F393A2C28A89B0B00A76B24 /* ColesAppTests */,
				2F393A3628A89B0B00A76B24 /* ColesAppUITests */,
				2F393A1A28A89B0900A76B24 /* Products */,
			);
			sourceTree = "<group>";
		};
		2F393A1A28A89B0900A76B24 /* Products */ = {
			isa = PBXGroup;
			children = (
				2F393A1928A89B0900A76B24 /* ColesApp.app */,
				2F393A2928A89B0B00A76B24 /* ColesAppTests.xctest */,
				2F393A3328A89B0B00A76B24 /* ColesAppUITests.xctest */,
			);
			name = Products;
			sourceTree = "<group>";
		};
		2F393A1B28A89B0900A76B24 /* ColesApp */ = {
			isa = PBXGroup;
			children = (
				2F393A4A28A8A58900A76B24 /* recipesSample.json */,
				2F393A4628A8A34700A76B24 /* Models */,
				2F393A1C28A89B0900A76B24 /* ColesAppApp.swift */,
				2F393A1E28A89B0900A76B24 /* ContentView.swift */,
				2F393A2028A89B0B00A76B24 /* Assets.xcassets */,
				2F393A2228A89B0B00A76B24 /* Preview Content */,
				2F393A4C28A91A0300A76B24 /* RecipeGridItem.swift */,
				2F393A4E28A9C23600A76B24 /* RecipeDetailView.swift */,
				2F393A5028A9D7B200A76B24 /* JsonDecoder.swift */,
			);
			path = ColesApp;
			sourceTree = "<group>";
		};
		2F393A2228A89B0B00A76B24 /* Preview Content */ = {
			isa = PBXGroup;
			children = (
				2F393A2328A89B0B00A76B24 /* Preview Assets.xcassets */,
			);
			path = "Preview Content";
			sourceTree = "<group>";
		};
		2F393A2C28A89B0B00A76B24 /* ColesAppTests */ = {
			isa = PBXGroup;
			children = (
				2F393A2D28A89B0B00A76B24 /* ColesAppTests.swift */,
			);
			path = ColesAppTests;
			sourceTree = "<group>";
		};
		2F393A3628A89B0B00A76B24 /* ColesAppUITests */ = {
			isa = PBXGroup;
			children = (
				2F393A3728A89B0B00A76B24 /* ColesAppUITests.swift */,
				2F393A3928A89B0B00A76B24 /* ColesAppUITestsLaunchTests.swift */,
			);
			path = ColesAppUITests;
			sourceTree = "<group>";
		};
		2F393A4628A8A34700A76B24 /* Models */ = {
			isa = PBXGroup;
			children = (
				2F393A4728A8A3BF00A76B24 /* RecipeModel.swift */,
			);
			path = Models;
			sourceTree = "<group>";
		};
/* End PBXGroup section */

/* Begin PBXNativeTarget section */
		2F393A1828A89B0900A76B24 /* ColesApp */ = {
			isa = PBXNativeTarget;
			buildConfigurationList = 2F393A3D28A89B0B00A76B24 /* Build configuration list for PBXNativeTarget "ColesApp" */;
			buildPhases = (
				2F393A1528A89B0900A76B24 /* Sources */,
				2F393A1628A89B0900A76B24 /* Frameworks */,
				2F393A1728A89B0900A76B24 /* Resources */,
			);
			buildRules = (
			);
			dependencies = (
			);
			name = ColesApp;
			packageProductDependencies = (
				2FDAD2FB28A9DDB600EA3248 /* CachedAsyncImage */,
			);
			productName = ColesApp;
			productReference = 2F393A1928A89B0900A76B24 /* ColesApp.app */;
			productType = "com.apple.product-type.application";
		};
		2F393A2828A89B0B00A76B24 /* ColesAppTests */ = {
			isa = PBXNativeTarget;
			buildConfigurationList = 2F393A4028A89B0B00A76B24 /* Build configuration list for PBXNativeTarget "ColesAppTests" */;
			buildPhases = (
				2F393A2528A89B0B00A76B24 /* Sources */,
				2F393A2628A89B0B00A76B24 /* Frameworks */,
				2F393A2728A89B0B00A76B24 /* Resources */,
			);
			buildRules = (
			);
			dependencies = (
				2F393A2B28A89B0B00A76B24 /* PBXTargetDependency */,
			);
			name = ColesAppTests;
			productName = ColesAppTests;
			productReference = 2F393A2928A89B0B00A76B24 /* ColesAppTests.xctest */;
			productType = "com.apple.product-type.bundle.unit-test";
		};
		2F393A3228A89B0B00A76B24 /* ColesAppUITests */ = {
			isa = PBXNativeTarget;
			buildConfigurationList = 2F393A4328A89B0B00A76B24 /* Build configuration list for PBXNativeTarget "ColesAppUITests" */;
			buildPhases = (
				2F393A2F28A89B0B00A76B24 /* Sources */,
				2F393A3028A89B0B00A76B24 /* Frameworks */,
				2F393A3128A89B0B00A76B24 /* Resources */,
			);
			buildRules = (
			);
			dependencies = (
				2F393A3528A89B0B00A76B24 /* PBXTargetDependency */,
			);
			name = ColesAppUITests;
			productName = ColesAppUITests;
			productReference = 2F393A3328A89B0B00A76B24 /* ColesAppUITests.xctest */;
			productType = "com.apple.product-type.bundle.ui-testing";
		};
/* End PBXNativeTarget section */

/* Begin PBXProject section */
		2F393A1128A89B0900A76B24 /* Project object */ = {
			isa = PBXProject;
			attributes = {
				BuildIndependentTargetsInParallel = 1;
				LastSwiftUpdateCheck = 1340;
				LastUpgradeCheck = 1340;
				TargetAttributes = {
					2F393A1828A89B0900A76B24 = {
						CreatedOnToolsVersion = 13.4.1;
					};
					2F393A2828A89B0B00A76B24 = {
						CreatedOnToolsVersion = 13.4.1;
						TestTargetID = 2F393A1828A89B0900A76B24;
					};
					2F393A3228A89B0B00A76B24 = {
						CreatedOnToolsVersion = 13.4.1;
						TestTargetID = 2F393A1828A89B0900A76B24;
					};
				};
			};
			buildConfigurationList = 2F393A1428A89B0900A76B24 /* Build configuration list for PBXProject "ColesApp" */;
			compatibilityVersion = "Xcode 13.0";
			developmentRegion = en;
			hasScannedForEncodings = 0;
			knownRegions = (
				en,
				Base,
			);
			mainGroup = 2F393A1028A89B0900A76B24;
			packageReferences = (
				2FDAD2FA28A9DDB600EA3248 /* XCRemoteSwiftPackageReference "swiftui-cached-async-image" */,
			);
			productRefGroup = 2F393A1A28A89B0900A76B24 /* Products */;
			projectDirPath = "";
			projectRoot = "";
			targets = (
				2F393A1828A89B0900A76B24 /* ColesApp */,
				2F393A2828A89B0B00A76B24 /* ColesAppTests */,
				2F393A3228A89B0B00A76B24 /* ColesAppUITests */,
			);
		};
/* End PBXProject section */

/* Begin PBXResourcesBuildPhase section */
		2F393A1728A89B0900A76B24 /* Resources */ = {
			isa = PBXResourcesBuildPhase;
			buildActionMask = 2147483647;
			files = (
				2F393A4B28A8A58900A76B24 /* recipesSample.json in Resources */,
				2F393A2428A89B0B00A76B24 /* Preview Assets.xcassets in Resources */,
				2F393A2128A89B0B00A76B24 /* Assets.xcassets in Resources */,
			);
			runOnlyForDeploymentPostprocessing = 0;
		};
		2F393A2728A89B0B00A76B24 /* Resources */ = {
			isa = PBXResourcesBuildPhase;
			buildActionMask = 2147483647;
			files = (
			);
			runOnlyForDeploymentPostprocessing = 0;
		};
		2F393A3128A89B0B00A76B24 /* Resources */ = {
			isa = PBXResourcesBuildPhase;
			buildActionMask = 2147483647;
			files = (
			);
			runOnlyForDeploymentPostprocessing = 0;
		};
/* End PBXResourcesBuildPhase section */

/* Begin PBXSourcesBuildPhase section */
		2F393A1528A89B0900A76B24 /* Sources */ = {
			isa = PBXSourcesBuildPhase;
			buildActionMask = 2147483647;
			files = (
				2F393A4D28A91A0300A76B24 /* RecipeGridItem.swift in Sources */,
				2F393A4F28A9C23600A76B24 /* RecipeDetailView.swift in Sources */,
				2F393A5128A9D7B200A76B24 /* JsonDecoder.swift in Sources */,
				2F393A1F28A89B0900A76B24 /* ContentView.swift in Sources */,
				2F393A1D28A89B0900A76B24 /* ColesAppApp.swift in Sources */,
				2F393A4828A8A3BF00A76B24 /* RecipeModel.swift in Sources */,
			);
			runOnlyForDeploymentPostprocessing = 0;
		};
		2F393A2528A89B0B00A76B24 /* Sources */ = {
			isa = PBXSourcesBuildPhase;
			buildActionMask = 2147483647;
			files = (
				2F393A2E28A89B0B00A76B24 /* ColesAppTests.swift in Sources */,
			);
			runOnlyForDeploymentPostprocessing = 0;
		};
		2F393A2F28A89B0B00A76B24 /* Sources */ = {
			isa = PBXSourcesBuildPhase;
			buildActionMask = 2147483647;
			files = (
				2F393A3A28A89B0B00A76B24 /* ColesAppUITestsLaunchTests.swift in Sources */,
				2F393A3828A89B0B00A76B24 /* ColesAppUITests.swift in Sources */,
			);
			runOnlyForDeploymentPostprocessing = 0;
		};
/* End PBXSourcesBuildPhase section */

/* Begin PBXTargetDependency section */
		2F393A2B28A89B0B00A76B24 /* PBXTargetDependency */ = {
			isa = PBXTargetDependency;
			target = 2F393A1828A89B0900A76B24 /* ColesApp */;
			targetProxy = 2F393A2A28A89B0B00A76B24 /* PBXContainerItemProxy */;
		};
		2F393A3528A89B0B00A76B24 /* PBXTargetDependency */ = {
			isa = PBXTargetDependency;
			target = 2F393A1828A89B0900A76B24 /* ColesApp */;
			targetProxy = 2F393A3428A89B0B00A76B24 /* PBXContainerItemProxy */;
		};
/* End PBXTargetDependency section */

/* Begin XCBuildConfiguration section */
		2F393A3B28A89B0B00A76B24 /* Debug */ = {
			isa = XCBuildConfiguration;
			buildSettings = {
				ALWAYS_SEARCH_USER_PATHS = NO;
				CLANG_ANALYZER_NONNULL = YES;
				CLANG_ANALYZER_NUMBER_OBJECT_CONVERSION = YES_AGGRESSIVE;
				CLANG_CXX_LANGUAGE_STANDARD = "gnu++17";
				CLANG_ENABLE_MODULES = YES;
				CLANG_ENABLE_OBJC_ARC = YES;
				CLANG_ENABLE_OBJC_WEAK = YES;
				CLANG_WARN_BLOCK_CAPTURE_AUTORELEASING = YES;
				CLANG_WARN_BOOL_CONVERSION = YES;
				CLANG_WARN_COMMA = YES;
				CLANG_WARN_CONSTANT_CONVERSION = YES;
				CLANG_WARN_DEPRECATED_OBJC_IMPLEMENTATIONS = YES;
				CLANG_WARN_DIRECT_OBJC_ISA_USAGE = YES_ERROR;
				CLANG_WARN_DOCUMENTATION_COMMENTS = YES;
				CLANG_WARN_EMPTY_BODY = YES;
				CLANG_WARN_ENUM_CONVERSION = YES;
				CLANG_WARN_INFINITE_RECURSION = YES;
				CLANG_WARN_INT_CONVERSION = YES;
				CLANG_WARN_NON_LITERAL_NULL_CONVERSION = YES;
				CLANG_WARN_OBJC_IMPLICIT_RETAIN_SELF = YES;
				CLANG_WARN_OBJC_LITERAL_CONVERSION = YES;
				CLANG_WARN_OBJC_ROOT_CLASS = YES_ERROR;
				CLANG_WARN_QUOTED_INCLUDE_IN_FRAMEWORK_HEADER = YES;
				CLANG_WARN_RANGE_LOOP_ANALYSIS = YES;
				CLANG_WARN_STRICT_PROTOTYPES = YES;
				CLANG_WARN_SUSPICIOUS_MOVE = YES;
				CLANG_WARN_UNGUARDED_AVAILABILITY = YES_AGGRESSIVE;
				CLANG_WARN_UNREACHABLE_CODE = YES;
				CLANG_WARN__DUPLICATE_METHOD_MATCH = YES;
				COPY_PHASE_STRIP = NO;
				DEBUG_INFORMATION_FORMAT = dwarf;
				ENABLE_STRICT_OBJC_MSGSEND = YES;
				ENABLE_TESTABILITY = YES;
				GCC_C_LANGUAGE_STANDARD = gnu11;
				GCC_DYNAMIC_NO_PIC = NO;
				GCC_NO_COMMON_BLOCKS = YES;
				GCC_OPTIMIZATION_LEVEL = 0;
				GCC_PREPROCESSOR_DEFINITIONS = (
					"DEBUG=1",
					"$(inherited)",
				);
				GCC_WARN_64_TO_32_BIT_CONVERSION = YES;
				GCC_WARN_ABOUT_RETURN_TYPE = YES_ERROR;
				GCC_WARN_UNDECLARED_SELECTOR = YES;
				GCC_WARN_UNINITIALIZED_AUTOS = YES_AGGRESSIVE;
				GCC_WARN_UNUSED_FUNCTION = YES;
				GCC_WARN_UNUSED_VARIABLE = YES;
				IPHONEOS_DEPLOYMENT_TARGET = 15.5;
				MTL_ENABLE_DEBUG_INFO = INCLUDE_SOURCE;
				MTL_FAST_MATH = YES;
				ONLY_ACTIVE_ARCH = YES;
				SDKROOT = iphoneos;
				SWIFT_ACTIVE_COMPILATION_CONDITIONS = DEBUG;
				SWIFT_OPTIMIZATION_LEVEL = "-Onone";
			};
			name = Debug;
		};
		2F393A3C28A89B0B00A76B24 /* Release */ = {
			isa = XCBuildConfiguration;
			buildSettings = {
				ALWAYS_SEARCH_USER_PATHS = NO;
				CLANG_ANALYZER_NONNULL = YES;
				CLANG_ANALYZER_NUMBER_OBJECT_CONVERSION = YES_AGGRESSIVE;
				CLANG_CXX_LANGUAGE_STANDARD = "gnu++17";
				CLANG_ENABLE_MODULES = YES;
				CLANG_ENABLE_OBJC_ARC = YES;
				CLANG_ENABLE_OBJC_WEAK = YES;
				CLANG_WARN_BLOCK_CAPTURE_AUTORELEASING = YES;
				CLANG_WARN_BOOL_CONVERSION = YES;
				CLANG_WARN_COMMA = YES;
				CLANG_WARN_CONSTANT_CONVERSION = YES;
				CLANG_WARN_DEPRECATED_OBJC_IMPLEMENTATIONS = YES;
				CLANG_WARN_DIRECT_OBJC_ISA_USAGE = YES_ERROR;
				CLANG_WARN_DOCUMENTATION_COMMENTS = YES;
				CLANG_WARN_EMPTY_BODY = YES;
				CLANG_WARN_ENUM_CONVERSION = YES;
				CLANG_WARN_INFINITE_RECURSION = YES;
				CLANG_WARN_INT_CONVERSION = YES;
				CLANG_WARN_NON_LITERAL_NULL_CONVERSION = YES;
				CLANG_WARN_OBJC_IMPLICIT_RETAIN_SELF = YES;
				CLANG_WARN_OBJC_LITERAL_CONVERSION = YES;
				CLANG_WARN_OBJC_ROOT_CLASS = YES_ERROR;
				CLANG_WARN_QUOTED_INCLUDE_IN_FRAMEWORK_HEADER = YES;
				CLANG_WARN_RANGE_LOOP_ANALYSIS = YES;
				CLANG_WARN_STRICT_PROTOTYPES = YES;
				CLANG_WARN_SUSPICIOUS_MOVE = YES;
				CLANG_WARN_UNGUARDED_AVAILABILITY = YES_AGGRESSIVE;
				CLANG_WARN_UNREACHABLE_CODE = YES;
				CLANG_WARN__DUPLICATE_METHOD_MATCH = YES;
				COPY_PHASE_STRIP = NO;
				DEBUG_INFORMATION_FORMAT = "dwarf-with-dsym";
				ENABLE_NS_ASSERTIONS = NO;
				ENABLE_STRICT_OBJC_MSGSEND = YES;
				GCC_C_LANGUAGE_STANDARD = gnu11;
				GCC_NO_COMMON_BLOCKS = YES;
				GCC_WARN_64_TO_32_BIT_CONVERSION = YES;
				GCC_WARN_ABOUT_RETURN_TYPE = YES_ERROR;
				GCC_WARN_UNDECLARED_SELECTOR = YES;
				GCC_WARN_UNINITIALIZED_AUTOS = YES_AGGRESSIVE;
				GCC_WARN_UNUSED_FUNCTION = YES;
				GCC_WARN_UNUSED_VARIABLE = YES;
				IPHONEOS_DEPLOYMENT_TARGET = 15.5;
				MTL_ENABLE_DEBUG_INFO = NO;
				MTL_FAST_MATH = YES;
				SDKROOT = iphoneos;
				SWIFT_COMPILATION_MODE = wholemodule;
				SWIFT_OPTIMIZATION_LEVEL = "-O";
				VALIDATE_PRODUCT = YES;
			};
			name = Release;
		};
		2F393A3E28A89B0B00A76B24 /* Debug */ = {
			isa = XCBuildConfiguration;
			buildSettings = {
				ASSETCATALOG_COMPILER_APPICON_NAME = AppIcon;
				ASSETCATALOG_COMPILER_GLOBAL_ACCENT_COLOR_NAME = AccentColor;
				CODE_SIGN_STYLE = Automatic;
				CURRENT_PROJECT_VERSION = 1;
				DEVELOPMENT_ASSET_PATHS = "\"ColesApp/Preview Content\"";
				DEVELOPMENT_TEAM = WY8Z4W46NY;
				ENABLE_PREVIEWS = YES;
				GENERATE_INFOPLIST_FILE = YES;
				INFOPLIST_KEY_UIApplicationSceneManifest_Generation = YES;
				INFOPLIST_KEY_UIApplicationSupportsIndirectInputEvents = YES;
				INFOPLIST_KEY_UILaunchScreen_Generation = YES;
				INFOPLIST_KEY_UISupportedInterfaceOrientations_iPad = "UIInterfaceOrientationPortrait UIInterfaceOrientationPortraitUpsideDown UIInterfaceOrientationLandscapeLeft UIInterfaceOrientationLandscapeRight";
				INFOPLIST_KEY_UISupportedInterfaceOrientations_iPhone = "UIInterfaceOrientationPortrait UIInterfaceOrientationLandscapeLeft UIInterfaceOrientationLandscapeRight";
				LD_RUNPATH_SEARCH_PATHS = (
					"$(inherited)",
					"@executable_path/Frameworks",
				);
				MARKETING_VERSION = 1.0;
				PRODUCT_BUNDLE_IDENTIFIER = alexwhite.ColesApp;
				PRODUCT_NAME = "$(TARGET_NAME)";
				SWIFT_EMIT_LOC_STRINGS = YES;
				SWIFT_VERSION = 5.0;
				TARGETED_DEVICE_FAMILY = "1,2";
			};
			name = Debug;
		};
		2F393A3F28A89B0B00A76B24 /* Release */ = {
			isa = XCBuildConfiguration;
			buildSettings = {
				ASSETCATALOG_COMPILER_APPICON_NAME = AppIcon;
				ASSETCATALOG_COMPILER_GLOBAL_ACCENT_COLOR_NAME = AccentColor;
				CODE_SIGN_STYLE = Automatic;
				CURRENT_PROJECT_VERSION = 1;
				DEVELOPMENT_ASSET_PATHS = "\"ColesApp/Preview Content\"";
				DEVELOPMENT_TEAM = WY8Z4W46NY;
				ENABLE_PREVIEWS = YES;
				GENERATE_INFOPLIST_FILE = YES;
				INFOPLIST_KEY_UIApplicationSceneManifest_Generation = YES;
				INFOPLIST_KEY_UIApplicationSupportsIndirectInputEvents = YES;
				INFOPLIST_KEY_UILaunchScreen_Generation = YES;
				INFOPLIST_KEY_UISupportedInterfaceOrientations_iPad = "UIInterfaceOrientationPortrait UIInterfaceOrientationPortraitUpsideDown UIInterfaceOrientationLandscapeLeft UIInterfaceOrientationLandscapeRight";
				INFOPLIST_KEY_UISupportedInterfaceOrientations_iPhone = "UIInterfaceOrientationPortrait UIInterfaceOrientationLandscapeLeft UIInterfaceOrientationLandscapeRight";
				LD_RUNPATH_SEARCH_PATHS = (
					"$(inherited)",
					"@executable_path/Frameworks",
				);
				MARKETING_VERSION = 1.0;
				PRODUCT_BUNDLE_IDENTIFIER = alexwhite.ColesApp;
				PRODUCT_NAME = "$(TARGET_NAME)";
				SWIFT_EMIT_LOC_STRINGS = YES;
				SWIFT_VERSION = 5.0;
				TARGETED_DEVICE_FAMILY = "1,2";
			};
			name = Release;
		};
		2F393A4128A89B0B00A76B24 /* Debug */ = {
			isa = XCBuildConfiguration;
			buildSettings = {
				ALWAYS_EMBED_SWIFT_STANDARD_LIBRARIES = YES;
				BUNDLE_LOADER = "$(TEST_HOST)";
				CODE_SIGN_STYLE = Automatic;
				CURRENT_PROJECT_VERSION = 1;
				DEVELOPMENT_TEAM = WY8Z4W46NY;
				GENERATE_INFOPLIST_FILE = YES;
				IPHONEOS_DEPLOYMENT_TARGET = 15.5;
				MARKETING_VERSION = 1.0;
				PRODUCT_BUNDLE_IDENTIFIER = alexwhite.ColesAppTests;
				PRODUCT_NAME = "$(TARGET_NAME)";
				SWIFT_EMIT_LOC_STRINGS = NO;
				SWIFT_VERSION = 5.0;
				TARGETED_DEVICE_FAMILY = "1,2";
				TEST_HOST = "$(BUILT_PRODUCTS_DIR)/ColesApp.app/ColesApp";
			};
			name = Debug;
		};
		2F393A4228A89B0B00A76B24 /* Release */ = {
			isa = XCBuildConfiguration;
			buildSettings = {
				ALWAYS_EMBED_SWIFT_STANDARD_LIBRARIES = YES;
				BUNDLE_LOADER = "$(TEST_HOST)";
				CODE_SIGN_STYLE = Automatic;
				CURRENT_PROJECT_VERSION = 1;
				DEVELOPMENT_TEAM = WY8Z4W46NY;
				GENERATE_INFOPLIST_FILE = YES;
				IPHONEOS_DEPLOYMENT_TARGET = 15.5;
				MARKETING_VERSION = 1.0;
				PRODUCT_BUNDLE_IDENTIFIER = alexwhite.ColesAppTests;
				PRODUCT_NAME = "$(TARGET_NAME)";
				SWIFT_EMIT_LOC_STRINGS = NO;
				SWIFT_VERSION = 5.0;
				TARGETED_DEVICE_FAMILY = "1,2";
				TEST_HOST = "$(BUILT_PRODUCTS_DIR)/ColesApp.app/ColesApp";
			};
			name = Release;
		};
		2F393A4428A89B0B00A76B24 /* Debug */ = {
			isa = XCBuildConfiguration;
			buildSettings = {
				ALWAYS_EMBED_SWIFT_STANDARD_LIBRARIES = YES;
				CODE_SIGN_STYLE = Automatic;
				CURRENT_PROJECT_VERSION = 1;
				DEVELOPMENT_TEAM = WY8Z4W46NY;
				GENERATE_INFOPLIST_FILE = YES;
				MARKETING_VERSION = 1.0;
				PRODUCT_BUNDLE_IDENTIFIER = alexwhite.ColesAppUITests;
				PRODUCT_NAME = "$(TARGET_NAME)";
				SWIFT_EMIT_LOC_STRINGS = NO;
				SWIFT_VERSION = 5.0;
				TARGETED_DEVICE_FAMILY = "1,2";
				TEST_TARGET_NAME = ColesApp;
			};
			name = Debug;
		};
		2F393A4528A89B0B00A76B24 /* Release */ = {
			isa = XCBuildConfiguration;
			buildSettings = {
				ALWAYS_EMBED_SWIFT_STANDARD_LIBRARIES = YES;
				CODE_SIGN_STYLE = Automatic;
				CURRENT_PROJECT_VERSION = 1;
				DEVELOPMENT_TEAM = WY8Z4W46NY;
				GENERATE_INFOPLIST_FILE = YES;
				MARKETING_VERSION = 1.0;
				PRODUCT_BUNDLE_IDENTIFIER = alexwhite.ColesAppUITests;
				PRODUCT_NAME = "$(TARGET_NAME)";
				SWIFT_EMIT_LOC_STRINGS = NO;
				SWIFT_VERSION = 5.0;
				TARGETED_DEVICE_FAMILY = "1,2";
				TEST_TARGET_NAME = ColesApp;
			};
			name = Release;
		};
/* End XCBuildConfiguration section */

/* Begin XCConfigurationList section */
		2F393A1428A89B0900A76B24 /* Build configuration list for PBXProject "ColesApp" */ = {
			isa = XCConfigurationList;
			buildConfigurations = (
				2F393A3B28A89B0B00A76B24 /* Debug */,
				2F393A3C28A89B0B00A76B24 /* Release */,
			);
			defaultConfigurationIsVisible = 0;
			defaultConfigurationName = Release;
		};
		2F393A3D28A89B0B00A76B24 /* Build configuration list for PBXNativeTarget "ColesApp" */ = {
			isa = XCConfigurationList;
			buildConfigurations = (
				2F393A3E28A89B0B00A76B24 /* Debug */,
				2F393A3F28A89B0B00A76B24 /* Release */,
			);
			defaultConfigurationIsVisible = 0;
			defaultConfigurationName = Release;
		};
		2F393A4028A89B0B00A76B24 /* Build configuration list for PBXNativeTarget "ColesAppTests" */ = {
			isa = XCConfigurationList;
			buildConfigurations = (
				2F393A4128A89B0B00A76B24 /* Debug */,
				2F393A4228A89B0B00A76B24 /* Release */,
			);
			defaultConfigurationIsVisible = 0;
			defaultConfigurationName = Release;
		};
		2F393A4328A89B0B00A76B24 /* Build configuration list for PBXNativeTarget "ColesAppUITests" */ = {
			isa = XCConfigurationList;
			buildConfigurations = (
				2F393A4428A89B0B00A76B24 /* Debug */,
				2F393A4528A89B0B00A76B24 /* Release */,
			);
			defaultConfigurationIsVisible = 0;
			defaultConfigurationName = Release;
		};
/* End XCConfigurationList section */

/* Begin XCRemoteSwiftPackageReference section */
		2FDAD2FA28A9DDB600EA3248 /* XCRemoteSwiftPackageReference "swiftui-cached-async-image" */ = {
			isa = XCRemoteSwiftPackageReference;
			repositoryURL = "https://github.com/lorenzofiamingo/swiftui-cached-async-image";
			requirement = {
				kind = upToNextMajorVersion;
				minimumVersion = 2.0.0;
			};
		};
/* End XCRemoteSwiftPackageReference section */

/* Begin XCSwiftPackageProductDependency section */
		2FDAD2FB28A9DDB600EA3248 /* CachedAsyncImage */ = {
			isa = XCSwiftPackageProductDependency;
			package = 2FDAD2FA28A9DDB600EA3248 /* XCRemoteSwiftPackageReference "swiftui-cached-async-image" */;
			productName = CachedAsyncImage;
		};
/* End XCSwiftPackageProductDependency section */
	};
	rootObject = 2F393A1128A89B0900A76B24 /* Project object */;
}
